// !$*UTF8*$!
{
	archiveVersion = 1;
	classes = {
	};
	objectVersion = 46;
	objects = {

/* Begin PBXBuildFile section */
		383F82611C96AF32009E5E3A /* AppDelegate.swift in Sources */ = {isa = PBXBuildFile; fileRef = 383F82601C96AF32009E5E3A /* AppDelegate.swift */; };
		383F82631C96AF32009E5E3A /* ViewController.swift in Sources */ = {isa = PBXBuildFile; fileRef = 383F82621C96AF32009E5E3A /* ViewController.swift */; };
		383F82661C96AF32009E5E3A /* Main.storyboard in Resources */ = {isa = PBXBuildFile; fileRef = 383F82641C96AF32009E5E3A /* Main.storyboard */; };
		383F82681C96AF32009E5E3A /* Assets.xcassets in Resources */ = {isa = PBXBuildFile; fileRef = 383F82671C96AF32009E5E3A /* Assets.xcassets */; };
		383F826B1C96AF32009E5E3A /* LaunchScreen.storyboard in Resources */ = {isa = PBXBuildFile; fileRef = 383F82691C96AF32009E5E3A /* LaunchScreen.storyboard */; };
/* End PBXBuildFile section */

/* Begin PBXFileReference section */
		383F825D1C96AF32009E5E3A /* Project 13.app */ = {isa = PBXFileReference; explicitFileType = wrapper.application; includeInIndex = 0; path = "Project 13.app"; sourceTree = BUILT_PRODUCTS_DIR; };
		383F82601C96AF32009E5E3A /* AppDelegate.swift */ = {isa = PBXFileReference; lastKnownFileType = sourcecode.swift; path = AppDelegate.swift; sourceTree = "<group>"; };
		383F82621C96AF32009E5E3A /* ViewController.swift */ = {isa = PBXFileReference; lastKnownFileType = sourcecode.swift; path = ViewController.swift; sourceTree = "<group>"; };
		383F82651C96AF32009E5E3A /* Base */ = {isa = PBXFileReference; lastKnownFileType = file.storyboard; name = Base; path = Base.lproj/Main.storyboard; sourceTree = "<group>"; };
		383F82671C96AF32009E5E3A /* Assets.xcassets */ = {isa = PBXFileReference; lastKnownFileType = folder.assetcatalog; path = Assets.xcassets; sourceTree = "<group>"; };
		383F826A1C96AF32009E5E3A /* Base */ = {isa = PBXFileReference; lastKnownFileType = file.storyboard; name = Base; path = Base.lproj/LaunchScreen.storyboard; sourceTree = "<group>"; };
		383F826C1C96AF32009E5E3A /* Info.plist */ = {isa = PBXFileReference; lastKnownFileType = text.plist.xml; path = Info.plist; sourceTree = "<group>"; };
/* End PBXFileReference section */

/* Begin PBXFrameworksBuildPhase section */
		383F825A1C96AF32009E5E3A /* Frameworks */ = {
			isa = PBXFrameworksBuildPhase;
			buildActionMask = 2147483647;
			files = (
			);
			runOnlyForDeploymentPostprocessing = 0;
		};
/* End PBXFrameworksBuildPhase section */

/* Begin PBXGroup section */
		383F82541C96AF32009E5E3A = {
			isa = PBXGroup;
			children = (
				383F825F1C96AF32009E5E3A /* Project 13 */,
				383F825E1C96AF32009E5E3A /* Products */,
			);
			sourceTree = "<group>";
		};
		383F825E1C96AF32009E5E3A /* Products */ = {
			isa = PBXGroup;
			children = (
				383F825D1C96AF32009E5E3A /* Project 13.app */,
			);
			name = Products;
			sourceTree = "<group>";
		};
		383F825F1C96AF32009E5E3A /* Project 13 */ = {
			isa = PBXGroup;
			children = (
				383F82601C96AF32009E5E3A /* AppDelegate.swift */,
				383F82621C96AF32009E5E3A /* ViewController.swift */,
				383F82641C96AF32009E5E3A /* Main.storyboard */,
				383F82671C96AF32009E5E3A /* Assets.xcassets */,
				383F82691C96AF32009E5E3A /* LaunchScreen.storyboard */,
				383F826C1C96AF32009E5E3A /* Info.plist */,
			);
			path = "Project 13";
			sourceTree = "<group>";
		};
/* End PBXGroup section */

/* Begin PBXNativeTarget section */
		383F825C1C96AF32009E5E3A /* Project 13 */ = {
			isa = PBXNativeTarget;
			buildConfigurationList = 383F826F1C96AF32009E5E3A /* Build configuration list for PBXNativeTarget "Project 13" */;
			buildPhases = (
				383F82591C96AF32009E5E3A /* Sources */,
				383F825A1C96AF32009E5E3A /* Frameworks */,
				383F825B1C96AF32009E5E3A /* Resources */,
			);
			buildRules = (
			);
			dependencies = (
			);
			name = "Project 13";
			productName = "Project 13";
			productReference = 383F825D1C96AF32009E5E3A /* Project 13.app */;
			productType = "com.apple.product-type.application";
		};
/* End PBXNativeTarget section */

/* Begin PBXProject section */
		383F82551C96AF32009E5E3A /* Project object */ = {
			isa = PBXProject;
			attributes = {
				LastSwiftUpdateCheck = 0720;
				LastUpgradeCheck = 0720;
				ORGANIZATIONNAME = Jim;
				TargetAttributes = {
					383F825C1C96AF32009E5E3A = {
						CreatedOnToolsVersion = 7.2.1;
						DevelopmentTeam = XFE2HEAMEQ;
					};
				};
			};
			buildConfigurationList = 383F82581C96AF32009E5E3A /* Build configuration list for PBXProject "Project 13" */;
			compatibilityVersion = "Xcode 3.2";
			developmentRegion = English;
			hasScannedForEncodings = 0;
			knownRegions = (
				en,
				Base,
			);
			mainGroup = 383F82541C96AF32009E5E3A;
			productRefGroup = 383F825E1C96AF32009E5E3A /* Products */;
			projectDirPath = "";
			projectRoot = "";
			targets = (
				383F825C1C96AF32009E5E3A /* Project 13 */,
			);
		};
/* End PBXProject section */

/* Begin PBXResourcesBuildPhase section */
		383F825B1C96AF32009E5E3A /* Resources */ = {
			isa = PBXResourcesBuildPhase;
			buildActionMask = 2147483647;
			files = (
				383F826B1C96AF32009E5E3A /* LaunchScreen.storyboard in Resources */,
				383F82681C96AF32009E5E3A /* Assets.xcassets in Resources */,
				383F82661C96AF32009E5E3A /* Main.storyboard in Resources */,
			);
			runOnlyForDeploymentPostprocessing = 0;
		};
/* End PBXResourcesBuildPhase section */

/* Begin PBXSourcesBuildPhase section */
		383F82591C96AF32009E5E3A /* Sources */ = {
			isa = PBXSourcesBuildPhase;
			buildActionMask = 2147483647;
			files = (
				383F82631C96AF32009E5E3A /* ViewController.swift in Sources */,
				383F82611C96AF32009E5E3A /* AppDelegate.swift in Sources */,
			);
			runOnlyForDeploymentPostprocessing = 0;
		};
/* End PBXSourcesBuildPhase section */

/* Begin PBXVariantGroup section */
		383F82641C96AF32009E5E3A /* Main.storyboard */ = {
			isa = PBXVariantGroup;
			children = (
				383F82651C96AF32009E5E3A /* Base */,
			);
			name = Main.storyboard;
			sourceTree = "<group>";
		};
		383F82691C96AF32009E5E3A /* LaunchScreen.storyboard */ = {
			isa = PBXVariantGroup;
			children = (
				383F826A1C96AF32009E5E3A /* Base */,
			);
			name = LaunchScreen.storyboard;
			sourceTree = "<group>";
		};
/* End PBXVariantGroup section */

/* Begin XCBuildConfiguration section */
		383F826D1C96AF32009E5E3A /* Debug */ = {
			isa = XCBuildConfiguration;
			buildSettings = {
				ALWAYS_SEARCH_USER_PATHS = NO;
				CLANG_CXX_LANGUAGE_STANDARD = "gnu++0x";
				CLANG_CXX_LIBRARY = "libc++";
				CLANG_ENABLE_MODULES = YES;
				CLANG_ENABLE_OBJC_ARC = YES;
				CLANG_WARN_BOOL_CONVERSION = YES;
				CLANG_WARN_CONSTANT_CONVERSION = YES;
				CLANG_WARN_DIRECT_OBJC_ISA_USAGE = YES_ERROR;
				CLANG_WARN_EMPTY_BODY = YES;
				CLANG_WARN_ENUM_CONVERSION = YES;
				CLANG_WARN_INT_CONVERSION = YES;
				CLANG_WARN_OBJC_ROOT_CLASS = YES_ERROR;
				CLANG_WARN_UNREACHABLE_CODE = YES;
				CLANG_WARN__DUPLICATE_METHOD_MATCH = YES;
				"CODE_SIGN_IDENTITY[sdk=iphoneos*]" = "iPhone Developer";
				COPY_PHASE_STRIP = NO;
				DEBUG_INFORMATION_FORMAT = dwarf;
				ENABLE_STRICT_OBJC_MSGSEND = YES;
				ENABLE_TESTABILITY = YES;
				GCC_C_LANGUAGE_STANDARD = gnu99;
				GCC_DYNAMIC_NO_PIC = NO;
				GCC_NO_COMMON_BLOCKS = YES;
				GCC_OPTIMIZATION_LEVEL = 0;
				GCC_PREPROCESSOR_DEFINITIONS = (
					"DEBUG=1",
					"$(inherited)",
				);
				GCC_WARN_64_TO_32_BIT_CONVERSION = YES;
				GCC_WARN_ABOUT_RETURN_TYPE = YES_ERROR;
				GCC_WARN_UNDECLARED_SELECTOR = YES;
				GCC_WARN_UNINITIALIZED_AUTOS = YES_AGGRESSIVE;
				GCC_WARN_UNUSED_FUNCTION = YES;
				GCC_WARN_UNUSED_VARIABLE = YES;
				IPHONEOS_DEPLOYMENT_TARGET = 9.2;
				MTL_ENABLE_DEBUG_INFO = YES;
				ONLY_ACTIVE_ARCH = YES;
				SDKROOT = iphoneos;
				SWIFT_OPTIMIZATION_LEVEL = "-Onone";
			};
			name = Debug;
		};
		383F826E1C96AF32009E5E3A /* Release */ = {
			isa = XCBuildConfiguration;
			buildSettings = {
				ALWAYS_SEARCH_USER_PATHS = NO;
				CLANG_CXX_LANGUAGE_STANDARD = "gnu++0x";
				CLANG_CXX_LIBRARY = "libc++";
				CLANG_ENABLE_MODULES = YES;
				CLANG_ENABLE_OBJC_ARC = YES;
				CLANG_WARN_BOOL_CONVERSION = YES;
				CLANG_WARN_CONSTANT_CONVERSION = YES;
				CLANG_WARN_DIRECT_OBJC_ISA_USAGE = YES_ERROR;
				CLANG_WARN_EMPTY_BODY = YES;
				CLANG_WARN_ENUM_CONVERSION = YES;
				CLANG_WARN_INT_CONVERSION = YES;
				CLANG_WARN_OBJC_ROOT_CLASS = YES_ERROR;
				CLANG_WARN_UNREACHABLE_CODE = YES;
				CLANG_WARN__DUPLICATE_METHOD_MATCH = YES;
				"CODE_SIGN_IDENTITY[sdk=iphoneos*]" = "iPhone Developer";
				COPY_PHASE_STRIP = NO;
				DEBUG_INFORMATION_FORMAT = "dwarf-with-dsym";
				ENABLE_NS_ASSERTIONS = NO;
				ENABLE_STRICT_OBJC_MSGSEND = YES;
				GCC_C_LANGUAGE_STANDARD = gnu99;
				GCC_NO_COMMON_BLOCKS = YES;
				GCC_WARN_64_TO_32_BIT_CONVERSION = YES;
				GCC_WARN_ABOUT_RETURN_TYPE = YES_ERROR;
				GCC_WARN_UNDECLARED_SELECTOR = YES;
				GCC_WARN_UNINITIALIZED_AUTOS = YES_AGGRESSIVE;
				GCC_WARN_UNUSED_FUNCTION = YES;
				GCC_WARN_UNUSED_VARIABLE = YES;
				IPHONEOS_DEPLOYMENT_TARGET = 9.2;
				MTL_ENABLE_DEBUG_INFO = NO;
				SDKROOT = iphoneos;
				VALIDATE_PRODUCT = YES;
			};
			name = Release;
		};
		383F82701C96AF32009E5E3A /* Debug */ = {
			isa = XCBuildConfiguration;
			buildSettings = {
				ASSETCATALOG_COMPILER_APPICON_NAME = AppIcon;
				INFOPLIST_FILE = "Project 13/Info.plist";
				LD_RUNPATH_SEARCH_PATHS = "$(inherited) @executable_path/Frameworks";
				PRODUCT_BUNDLE_IDENTIFIER = "com.example..Project-13";
				PRODUCT_NAME = "$(TARGET_NAME)";
			};
			name = Debug;
		};
		383F82711C96AF32009E5E3A /* Release */ = {
			isa = XCBuildConfiguration;
			buildSettings = {
				ASSETCATALOG_COMPILER_APPICON_NAME = AppIcon;
				INFOPLIST_FILE = "Project 13/Info.plist";
				LD_RUNPATH_SEARCH_PATHS = "$(inherited) @executable_path/Frameworks";
				PRODUCT_BUNDLE_IDENTIFIER = "com.example..Project-13";
				PRODUCT_NAME = "$(TARGET_NAME)";
			};
			name = Release;
		};
/* End XCBuildConfiguration section */

/* Begin XCConfigurationList section */
		383F82581C96AF32009E5E3A /* Build configuration list for PBXProject "Project 13" */ = {
			isa = XCConfigurationList;
			buildConfigurations = (
				383F826D1C96AF32009E5E3A /* Debug */,
				383F826E1C96AF32009E5E3A /* Release */,
			);
			defaultConfigurationIsVisible = 0;
			defaultConfigurationName = Release;
		};
		383F826F1C96AF32009E5E3A /* Build configuration list for PBXNativeTarget "Project 13" */ = {
			isa = XCConfigurationList;
			buildConfigurations = (
				383F82701C96AF32009E5E3A /* Debug */,
				383F82711C96AF32009E5E3A /* Release */,
			);
			defaultConfigurationIsVisible = 0;
		};
/* End XCConfigurationList section */
	};
	rootObject = 383F82551C96AF32009E5E3A /* Project object */;
}
