// !$*UTF8*$!
{
	archiveVersion = 1;
	classes = {
	};
	objectVersion = 46;
	objects = {

/* Begin PBXBuildFile section */
		383F83121C999961009E5E3A /* AppDelegate.swift in Sources */ = {isa = PBXBuildFile; fileRef = 383F83111C999961009E5E3A /* AppDelegate.swift */; };
		383F83141C999961009E5E3A /* ViewController.swift in Sources */ = {isa = PBXBuildFile; fileRef = 383F83131C999961009E5E3A /* ViewController.swift */; };
		383F83171C999961009E5E3A /* Main.storyboard in Resources */ = {isa = PBXBuildFile; fileRef = 383F83151C999961009E5E3A /* Main.storyboard */; };
		383F83191C999961009E5E3A /* Assets.xcassets in Resources */ = {isa = PBXBuildFile; fileRef = 383F83181C999961009E5E3A /* Assets.xcassets */; };
		383F831C1C999961009E5E3A /* LaunchScreen.storyboard in Resources */ = {isa = PBXBuildFile; fileRef = 383F831A1C999961009E5E3A /* LaunchScreen.storyboard */; };
		383F832A1C99999B009E5E3A /* ActionViewController.swift in Sources */ = {isa = PBXBuildFile; fileRef = 383F83291C99999B009E5E3A /* ActionViewController.swift */; };
		383F832D1C99999B009E5E3A /* MainInterface.storyboard in Resources */ = {isa = PBXBuildFile; fileRef = 383F832B1C99999B009E5E3A /* MainInterface.storyboard */; };
		383F83311C99999B009E5E3A /* Extension.appex in Embed App Extensions */ = {isa = PBXBuildFile; fileRef = 383F83271C99999B009E5E3A /* Extension.appex */; settings = {ATTRIBUTES = (RemoveHeadersOnCopy, ); }; };
		383F83371C99A047009E5E3A /* Action.js in Resources */ = {isa = PBXBuildFile; fileRef = 383F83361C99A047009E5E3A /* Action.js */; };
/* End PBXBuildFile section */

/* Begin PBXContainerItemProxy section */
		383F832F1C99999B009E5E3A /* PBXContainerItemProxy */ = {
			isa = PBXContainerItemProxy;
			containerPortal = 383F83061C999961009E5E3A /* Project object */;
			proxyType = 1;
			remoteGlobalIDString = 383F83261C99999B009E5E3A;
			remoteInfo = Extension;
		};
/* End PBXContainerItemProxy section */

/* Begin PBXCopyFilesBuildPhase section */
		383F83351C99999B009E5E3A /* Embed App Extensions */ = {
			isa = PBXCopyFilesBuildPhase;
			buildActionMask = 2147483647;
			dstPath = "";
			dstSubfolderSpec = 13;
			files = (
				383F83311C99999B009E5E3A /* Extension.appex in Embed App Extensions */,
			);
			name = "Embed App Extensions";
			runOnlyForDeploymentPostprocessing = 0;
		};
/* End PBXCopyFilesBuildPhase section */

/* Begin PBXFileReference section */
		383F830E1C999961009E5E3A /* Project 16.app */ = {isa = PBXFileReference; explicitFileType = wrapper.application; includeInIndex = 0; path = "Project 16.app"; sourceTree = BUILT_PRODUCTS_DIR; };
		383F83111C999961009E5E3A /* AppDelegate.swift */ = {isa = PBXFileReference; lastKnownFileType = sourcecode.swift; path = AppDelegate.swift; sourceTree = "<group>"; };
		383F83131C999961009E5E3A /* ViewController.swift */ = {isa = PBXFileReference; lastKnownFileType = sourcecode.swift; path = ViewController.swift; sourceTree = "<group>"; };
		383F83161C999961009E5E3A /* Base */ = {isa = PBXFileReference; lastKnownFileType = file.storyboard; name = Base; path = Base.lproj/Main.storyboard; sourceTree = "<group>"; };
		383F83181C999961009E5E3A /* Assets.xcassets */ = {isa = PBXFileReference; lastKnownFileType = folder.assetcatalog; path = Assets.xcassets; sourceTree = "<group>"; };
		383F831B1C999961009E5E3A /* Base */ = {isa = PBXFileReference; lastKnownFileType = file.storyboard; name = Base; path = Base.lproj/LaunchScreen.storyboard; sourceTree = "<group>"; };
		383F831D1C999961009E5E3A /* Info.plist */ = {isa = PBXFileReference; lastKnownFileType = text.plist.xml; path = Info.plist; sourceTree = "<group>"; };
		383F83271C99999B009E5E3A /* Extension.appex */ = {isa = PBXFileReference; explicitFileType = "wrapper.app-extension"; includeInIndex = 0; path = Extension.appex; sourceTree = BUILT_PRODUCTS_DIR; };
		383F83291C99999B009E5E3A /* ActionViewController.swift */ = {isa = PBXFileReference; lastKnownFileType = sourcecode.swift; path = ActionViewController.swift; sourceTree = "<group>"; };
		383F832C1C99999B009E5E3A /* Base */ = {isa = PBXFileReference; lastKnownFileType = file.storyboard; name = Base; path = Base.lproj/MainInterface.storyboard; sourceTree = "<group>"; };
		383F832E1C99999B009E5E3A /* Info.plist */ = {isa = PBXFileReference; lastKnownFileType = text.plist.xml; path = Info.plist; sourceTree = "<group>"; };
		383F83361C99A047009E5E3A /* Action.js */ = {isa = PBXFileReference; fileEncoding = 4; lastKnownFileType = sourcecode.javascript; path = Action.js; sourceTree = "<group>"; };
/* End PBXFileReference section */

/* Begin PBXFrameworksBuildPhase section */
		383F830B1C999961009E5E3A /* Frameworks */ = {
			isa = PBXFrameworksBuildPhase;
			buildActionMask = 2147483647;
			files = (
			);
			runOnlyForDeploymentPostprocessing = 0;
		};
		383F83241C99999B009E5E3A /* Frameworks */ = {
			isa = PBXFrameworksBuildPhase;
			buildActionMask = 2147483647;
			files = (
			);
			runOnlyForDeploymentPostprocessing = 0;
		};
/* End PBXFrameworksBuildPhase section */

/* Begin PBXGroup section */
		383F83051C999961009E5E3A = {
			isa = PBXGroup;
			children = (
				383F83101C999961009E5E3A /* Project 16 */,
				383F83281C99999B009E5E3A /* Extension */,
				383F830F1C999961009E5E3A /* Products */,
			);
			sourceTree = "<group>";
		};
		383F830F1C999961009E5E3A /* Products */ = {
			isa = PBXGroup;
			children = (
				383F830E1C999961009E5E3A /* Project 16.app */,
				383F83271C99999B009E5E3A /* Extension.appex */,
			);
			name = Products;
			sourceTree = "<group>";
		};
		383F83101C999961009E5E3A /* Project 16 */ = {
			isa = PBXGroup;
			children = (
				383F83111C999961009E5E3A /* AppDelegate.swift */,
				383F83131C999961009E5E3A /* ViewController.swift */,
				383F83151C999961009E5E3A /* Main.storyboard */,
				383F83181C999961009E5E3A /* Assets.xcassets */,
				383F831A1C999961009E5E3A /* LaunchScreen.storyboard */,
				383F831D1C999961009E5E3A /* Info.plist */,
			);
			path = "Project 16";
			sourceTree = "<group>";
		};
		383F83281C99999B009E5E3A /* Extension */ = {
			isa = PBXGroup;
			children = (
				383F83291C99999B009E5E3A /* ActionViewController.swift */,
				383F832B1C99999B009E5E3A /* MainInterface.storyboard */,
				383F832E1C99999B009E5E3A /* Info.plist */,
				383F83361C99A047009E5E3A /* Action.js */,
			);
			path = Extension;
			sourceTree = "<group>";
		};
/* End PBXGroup section */

/* Begin PBXNativeTarget section */
		383F830D1C999961009E5E3A /* Project 16 */ = {
			isa = PBXNativeTarget;
			buildConfigurationList = 383F83201C999961009E5E3A /* Build configuration list for PBXNativeTarget "Project 16" */;
			buildPhases = (
				383F830A1C999961009E5E3A /* Sources */,
				383F830B1C999961009E5E3A /* Frameworks */,
				383F830C1C999961009E5E3A /* Resources */,
				383F83351C99999B009E5E3A /* Embed App Extensions */,
			);
			buildRules = (
			);
			dependencies = (
				383F83301C99999B009E5E3A /* PBXTargetDependency */,
			);
			name = "Project 16";
			productName = "Project 16";
			productReference = 383F830E1C999961009E5E3A /* Project 16.app */;
			productType = "com.apple.product-type.application";
		};
		383F83261C99999B009E5E3A /* Extension */ = {
			isa = PBXNativeTarget;
			buildConfigurationList = 383F83321C99999B009E5E3A /* Build configuration list for PBXNativeTarget "Extension" */;
			buildPhases = (
				383F83231C99999B009E5E3A /* Sources */,
				383F83241C99999B009E5E3A /* Frameworks */,
				383F83251C99999B009E5E3A /* Resources */,
			);
			buildRules = (
			);
			dependencies = (
			);
			name = Extension;
			productName = Extension;
			productReference = 383F83271C99999B009E5E3A /* Extension.appex */;
			productType = "com.apple.product-type.app-extension";
		};
/* End PBXNativeTarget section */

/* Begin PBXProject section */
		383F83061C999961009E5E3A /* Project object */ = {
			isa = PBXProject;
			attributes = {
				LastSwiftUpdateCheck = 0720;
				LastUpgradeCheck = 0720;
				ORGANIZATIONNAME = Jim;
				TargetAttributes = {
					383F830D1C999961009E5E3A = {
						CreatedOnToolsVersion = 7.2.1;
						DevelopmentTeam = XFE2HEAMEQ;
					};
					383F83261C99999B009E5E3A = {
						CreatedOnToolsVersion = 7.2.1;
						DevelopmentTeam = XFE2HEAMEQ;
					};
				};
			};
			buildConfigurationList = 383F83091C999961009E5E3A /* Build configuration list for PBXProject "Project 16" */;
			compatibilityVersion = "Xcode 3.2";
			developmentRegion = English;
			hasScannedForEncodings = 0;
			knownRegions = (
				en,
				Base,
			);
			mainGroup = 383F83051C999961009E5E3A;
			productRefGroup = 383F830F1C999961009E5E3A /* Products */;
			projectDirPath = "";
			projectRoot = "";
			targets = (
				383F830D1C999961009E5E3A /* Project 16 */,
				383F83261C99999B009E5E3A /* Extension */,
			);
		};
/* End PBXProject section */

/* Begin PBXResourcesBuildPhase section */
		383F830C1C999961009E5E3A /* Resources */ = {
			isa = PBXResourcesBuildPhase;
			buildActionMask = 2147483647;
			files = (
				383F831C1C999961009E5E3A /* LaunchScreen.storyboard in Resources */,
				383F83191C999961009E5E3A /* Assets.xcassets in Resources */,
				383F83171C999961009E5E3A /* Main.storyboard in Resources */,
			);
			runOnlyForDeploymentPostprocessing = 0;
		};
		383F83251C99999B009E5E3A /* Resources */ = {
			isa = PBXResourcesBuildPhase;
			buildActionMask = 2147483647;
			files = (
				383F83371C99A047009E5E3A /* Action.js in Resources */,
				383F832D1C99999B009E5E3A /* MainInterface.storyboard in Resources */,
			);
			runOnlyForDeploymentPostprocessing = 0;
		};
/* End PBXResourcesBuildPhase section */

/* Begin PBXSourcesBuildPhase section */
		383F830A1C999961009E5E3A /* Sources */ = {
			isa = PBXSourcesBuildPhase;
			buildActionMask = 2147483647;
			files = (
				383F83141C999961009E5E3A /* ViewController.swift in Sources */,
				383F83121C999961009E5E3A /* AppDelegate.swift in Sources */,
			);
			runOnlyForDeploymentPostprocessing = 0;
		};
		383F83231C99999B009E5E3A /* Sources */ = {
			isa = PBXSourcesBuildPhase;
			buildActionMask = 2147483647;
			files = (
				383F832A1C99999B009E5E3A /* ActionViewController.swift in Sources */,
			);
			runOnlyForDeploymentPostprocessing = 0;
		};
/* End PBXSourcesBuildPhase section */

/* Begin PBXTargetDependency section */
		383F83301C99999B009E5E3A /* PBXTargetDependency */ = {
			isa = PBXTargetDependency;
			target = 383F83261C99999B009E5E3A /* Extension */;
			targetProxy = 383F832F1C99999B009E5E3A /* PBXContainerItemProxy */;
		};
/* End PBXTargetDependency section */

/* Begin PBXVariantGroup section */
		383F83151C999961009E5E3A /* Main.storyboard */ = {
			isa = PBXVariantGroup;
			children = (
				383F83161C999961009E5E3A /* Base */,
			);
			name = Main.storyboard;
			sourceTree = "<group>";
		};
		383F831A1C999961009E5E3A /* LaunchScreen.storyboard */ = {
			isa = PBXVariantGroup;
			children = (
				383F831B1C999961009E5E3A /* Base */,
			);
			name = LaunchScreen.storyboard;
			sourceTree = "<group>";
		};
		383F832B1C99999B009E5E3A /* MainInterface.storyboard */ = {
			isa = PBXVariantGroup;
			children = (
				383F832C1C99999B009E5E3A /* Base */,
			);
			name = MainInterface.storyboard;
			sourceTree = "<group>";
		};
/* End PBXVariantGroup section */

/* Begin XCBuildConfiguration section */
		383F831E1C999961009E5E3A /* Debug */ = {
			isa = XCBuildConfiguration;
			buildSettings = {
				ALWAYS_SEARCH_USER_PATHS = NO;
				CLANG_CXX_LANGUAGE_STANDARD = "gnu++0x";
				CLANG_CXX_LIBRARY = "libc++";
				CLANG_ENABLE_MODULES = YES;
				CLANG_ENABLE_OBJC_ARC = YES;
				CLANG_WARN_BOOL_CONVERSION = YES;
				CLANG_WARN_CONSTANT_CONVERSION = YES;
				CLANG_WARN_DIRECT_OBJC_ISA_USAGE = YES_ERROR;
				CLANG_WARN_EMPTY_BODY = YES;
				CLANG_WARN_ENUM_CONVERSION = YES;
				CLANG_WARN_INT_CONVERSION = YES;
				CLANG_WARN_OBJC_ROOT_CLASS = YES_ERROR;
				CLANG_WARN_UNREACHABLE_CODE = YES;
				CLANG_WARN__DUPLICATE_METHOD_MATCH = YES;
				"CODE_SIGN_IDENTITY[sdk=iphoneos*]" = "iPhone Developer";
				COPY_PHASE_STRIP = NO;
				DEBUG_INFORMATION_FORMAT = dwarf;
				ENABLE_STRICT_OBJC_MSGSEND = YES;
				ENABLE_TESTABILITY = YES;
				GCC_C_LANGUAGE_STANDARD = gnu99;
				GCC_DYNAMIC_NO_PIC = NO;
				GCC_NO_COMMON_BLOCKS = YES;
				GCC_OPTIMIZATION_LEVEL = 0;
				GCC_PREPROCESSOR_DEFINITIONS = (
					"DEBUG=1",
					"$(inherited)",
				);
				GCC_WARN_64_TO_32_BIT_CONVERSION = YES;
				GCC_WARN_ABOUT_RETURN_TYPE = YES_ERROR;
				GCC_WARN_UNDECLARED_SELECTOR = YES;
				GCC_WARN_UNINITIALIZED_AUTOS = YES_AGGRESSIVE;
				GCC_WARN_UNUSED_FUNCTION = YES;
				GCC_WARN_UNUSED_VARIABLE = YES;
				IPHONEOS_DEPLOYMENT_TARGET = 9.2;
				MTL_ENABLE_DEBUG_INFO = YES;
				ONLY_ACTIVE_ARCH = YES;
				SDKROOT = iphoneos;
				SWIFT_OPTIMIZATION_LEVEL = "-Onone";
			};
			name = Debug;
		};
		383F831F1C999961009E5E3A /* Release */ = {
			isa = XCBuildConfiguration;
			buildSettings = {
				ALWAYS_SEARCH_USER_PATHS = NO;
				CLANG_CXX_LANGUAGE_STANDARD = "gnu++0x";
				CLANG_CXX_LIBRARY = "libc++";
				CLANG_ENABLE_MODULES = YES;
				CLANG_ENABLE_OBJC_ARC = YES;
				CLANG_WARN_BOOL_CONVERSION = YES;
				CLANG_WARN_CONSTANT_CONVERSION = YES;
				CLANG_WARN_DIRECT_OBJC_ISA_USAGE = YES_ERROR;
				CLANG_WARN_EMPTY_BODY = YES;
				CLANG_WARN_ENUM_CONVERSION = YES;
				CLANG_WARN_INT_CONVERSION = YES;
				CLANG_WARN_OBJC_ROOT_CLASS = YES_ERROR;
				CLANG_WARN_UNREACHABLE_CODE = YES;
				CLANG_WARN__DUPLICATE_METHOD_MATCH = YES;
				"CODE_SIGN_IDENTITY[sdk=iphoneos*]" = "iPhone Developer";
				COPY_PHASE_STRIP = NO;
				DEBUG_INFORMATION_FORMAT = "dwarf-with-dsym";
				ENABLE_NS_ASSERTIONS = NO;
				ENABLE_STRICT_OBJC_MSGSEND = YES;
				GCC_C_LANGUAGE_STANDARD = gnu99;
				GCC_NO_COMMON_BLOCKS = YES;
				GCC_WARN_64_TO_32_BIT_CONVERSION = YES;
				GCC_WARN_ABOUT_RETURN_TYPE = YES_ERROR;
				GCC_WARN_UNDECLARED_SELECTOR = YES;
				GCC_WARN_UNINITIALIZED_AUTOS = YES_AGGRESSIVE;
				GCC_WARN_UNUSED_FUNCTION = YES;
				GCC_WARN_UNUSED_VARIABLE = YES;
				IPHONEOS_DEPLOYMENT_TARGET = 9.2;
				MTL_ENABLE_DEBUG_INFO = NO;
				SDKROOT = iphoneos;
				VALIDATE_PRODUCT = YES;
			};
			name = Release;
		};
		383F83211C999961009E5E3A /* Debug */ = {
			isa = XCBuildConfiguration;
			buildSettings = {
				ASSETCATALOG_COMPILER_APPICON_NAME = AppIcon;
				EMBEDDED_CONTENT_CONTAINS_SWIFT = YES;
				INFOPLIST_FILE = "Project 16/Info.plist";
				LD_RUNPATH_SEARCH_PATHS = "$(inherited) @executable_path/Frameworks";
				PRODUCT_BUNDLE_IDENTIFIER = "com.example..Project-16";
				PRODUCT_NAME = "$(TARGET_NAME)";
			};
			name = Debug;
		};
		383F83221C999961009E5E3A /* Release */ = {
			isa = XCBuildConfiguration;
			buildSettings = {
				ASSETCATALOG_COMPILER_APPICON_NAME = AppIcon;
				EMBEDDED_CONTENT_CONTAINS_SWIFT = YES;
				INFOPLIST_FILE = "Project 16/Info.plist";
				LD_RUNPATH_SEARCH_PATHS = "$(inherited) @executable_path/Frameworks";
				PRODUCT_BUNDLE_IDENTIFIER = "com.example..Project-16";
				PRODUCT_NAME = "$(TARGET_NAME)";
			};
			name = Release;
		};
		383F83331C99999B009E5E3A /* Debug */ = {
			isa = XCBuildConfiguration;
			buildSettings = {
				INFOPLIST_FILE = Extension/Info.plist;
				LD_RUNPATH_SEARCH_PATHS = "$(inherited) @executable_path/Frameworks @executable_path/../../Frameworks";
				PRODUCT_BUNDLE_IDENTIFIER = "com.example..Project-16.Extension";
				PRODUCT_NAME = "$(TARGET_NAME)";
				SKIP_INSTALL = YES;
			};
			name = Debug;
		};
		383F83341C99999B009E5E3A /* Release */ = {
			isa = XCBuildConfiguration;
			buildSettings = {
				INFOPLIST_FILE = Extension/Info.plist;
				LD_RUNPATH_SEARCH_PATHS = "$(inherited) @executable_path/Frameworks @executable_path/../../Frameworks";
				PRODUCT_BUNDLE_IDENTIFIER = "com.example..Project-16.Extension";
				PRODUCT_NAME = "$(TARGET_NAME)";
				SKIP_INSTALL = YES;
			};
			name = Release;
		};
/* End XCBuildConfiguration section */

/* Begin XCConfigurationList section */
		383F83091C999961009E5E3A /* Build configuration list for PBXProject "Project 16" */ = {
			isa = XCConfigurationList;
			buildConfigurations = (
				383F831E1C999961009E5E3A /* Debug */,
				383F831F1C999961009E5E3A /* Release */,
			);
			defaultConfigurationIsVisible = 0;
			defaultConfigurationName = Release;
		};
		383F83201C999961009E5E3A /* Build configuration list for PBXNativeTarget "Project 16" */ = {
			isa = XCConfigurationList;
			buildConfigurations = (
				383F83211C999961009E5E3A /* Debug */,
				383F83221C999961009E5E3A /* Release */,
			);
			defaultConfigurationIsVisible = 0;
		};
		383F83321C99999B009E5E3A /* Build configuration list for PBXNativeTarget "Extension" */ = {
			isa = XCConfigurationList;
			buildConfigurations = (
				383F83331C99999B009E5E3A /* Debug */,
				383F83341C99999B009E5E3A /* Release */,
			);
			defaultConfigurationIsVisible = 0;
		};
/* End XCConfigurationList section */
	};
	rootObject = 383F83061C999961009E5E3A /* Project object */;
}
